
Microsoft Visual Studio Solution File, Format Version 12.00
# Visual Studio Version 16
VisualStudioVersion = 16.0.30225.117
MinimumVisualStudioVersion = 10.0.40219.1
Project("{9A19103F-16F7-4668-BE54-9A1E7A4F7556}") = "MostarGuide.WebAPI", "MostarGuide.WebAPI\MostarGuide.WebAPI.csproj", "{1C925143-260C-4E13-8D02-41E823099932}"
EndProject
Project("{9A19103F-16F7-4668-BE54-9A1E7A4F7556}") = "MostarGuide.Model", "MostarGuide.Model\MostarGuide.Model.csproj", "{59A250DD-1999-4110-B161-9B6D01A07883}"
EndProject
Project("{2150E333-8FDC-42A3-9474-1A3956D46DE8}") = "UI", "UI", "{3AEF0E93-47C2-46DE-9DD1-932394E941EF}"
EndProject
Project("{FAE04EC0-301F-11D3-BF4B-00C04F79EFBC}") = "MostarGuide.WinUI", "MostarGuide.WinUI\MostarGuide.WinUI.csproj", "{B5CD9D04-D9E6-433D-AB8E-B37653F1CBE0}"
EndProject
Project("{2150E333-8FDC-42A3-9474-1A3956D46DE8}") = "MostarGuide.Mobile", "MostarGuide.Mobile", "{0473D384-5777-42C3-ADA9-03930CC1F366}"
EndProject
Project("{FAE04EC0-301F-11D3-BF4B-00C04F79EFBC}") = "MostarGuide.MobileApp.UWP", "MostarGuide.MobileApp\MostarGuide.MobileApp.UWP\MostarGuide.MobileApp.UWP.csproj", "{495DD9EB-D409-4945-AD69-84B5298B6FFA}"
EndProject
Project("{FAE04EC0-301F-11D3-BF4B-00C04F79EFBC}") = "MostarGuide.MobileApp.Android", "MostarGuide.MobileApp\MostarGuide.MobileApp.Android\MostarGuide.MobileApp.Android.csproj", "{05053F3A-1CC5-442C-BE8D-E8D13B6D3B8A}"
EndProject
Project("{FAE04EC0-301F-11D3-BF4B-00C04F79EFBC}") = "MostarGuide.MobileApp.iOS", "MostarGuide.MobileApp\MostarGuide.MobileApp.iOS\MostarGuide.MobileApp.iOS.csproj", "{B1E43C3D-B677-4334-9B58-6A008EBED175}"
EndProject
Project("{9A19103F-16F7-4668-BE54-9A1E7A4F7556}") = "MostarGuide.MobileApp", "MostarGuide.MobileApp\MostarGuide.MobileApp\MostarGuide.MobileApp.csproj", "{6DBD55AE-0F83-4B54-9F2E-E648C396F2E2}"
EndProject
Global
	GlobalSection(SolutionConfigurationPlatforms) = preSolution
		Debug|Any CPU = Debug|Any CPU
		Debug|ARM = Debug|ARM
		Debug|iPhone = Debug|iPhone
		Debug|iPhoneSimulator = Debug|iPhoneSimulator
		Debug|x64 = Debug|x64
		Debug|x86 = Debug|x86
		Release|Any CPU = Release|Any CPU
		Release|ARM = Release|ARM
		Release|iPhone = Release|iPhone
		Release|iPhoneSimulator = Release|iPhoneSimulator
		Release|x64 = Release|x64
		Release|x86 = Release|x86
	EndGlobalSection
	GlobalSection(ProjectConfigurationPlatforms) = postSolution
		{1C925143-260C-4E13-8D02-41E823099932}.Debug|Any CPU.ActiveCfg = Debug|Any CPU
		{1C925143-260C-4E13-8D02-41E823099932}.Debug|Any CPU.Build.0 = Debug|Any CPU
		{1C925143-260C-4E13-8D02-41E823099932}.Debug|ARM.ActiveCfg = Debug|Any CPU
		{1C925143-260C-4E13-8D02-41E823099932}.Debug|ARM.Build.0 = Debug|Any CPU
		{1C925143-260C-4E13-8D02-41E823099932}.Debug|iPhone.ActiveCfg = Debug|Any CPU
		{1C925143-260C-4E13-8D02-41E823099932}.Debug|iPhone.Build.0 = Debug|Any CPU
		{1C925143-260C-4E13-8D02-41E823099932}.Debug|iPhoneSimulator.ActiveCfg = Debug|Any CPU
		{1C925143-260C-4E13-8D02-41E823099932}.Debug|iPhoneSimulator.Build.0 = Debug|Any CPU
		{1C925143-260C-4E13-8D02-41E823099932}.Debug|x64.ActiveCfg = Debug|Any CPU
		{1C925143-260C-4E13-8D02-41E823099932}.Debug|x64.Build.0 = Debug|Any CPU
		{1C925143-260C-4E13-8D02-41E823099932}.Debug|x86.ActiveCfg = Debug|Any CPU
		{1C925143-260C-4E13-8D02-41E823099932}.Debug|x86.Build.0 = Debug|Any CPU
		{1C925143-260C-4E13-8D02-41E823099932}.Release|Any CPU.ActiveCfg = Release|Any CPU
		{1C925143-260C-4E13-8D02-41E823099932}.Release|Any CPU.Build.0 = Release|Any CPU
		{1C925143-260C-4E13-8D02-41E823099932}.Release|ARM.ActiveCfg = Release|Any CPU
		{1C925143-260C-4E13-8D02-41E823099932}.Release|ARM.Build.0 = Release|Any CPU
		{1C925143-260C-4E13-8D02-41E823099932}.Release|iPhone.ActiveCfg = Release|Any CPU
		{1C925143-260C-4E13-8D02-41E823099932}.Release|iPhone.Build.0 = Release|Any CPU
		{1C925143-260C-4E13-8D02-41E823099932}.Release|iPhoneSimulator.ActiveCfg = Release|Any CPU
		{1C925143-260C-4E13-8D02-41E823099932}.Release|iPhoneSimulator.Build.0 = Release|Any CPU
		{1C925143-260C-4E13-8D02-41E823099932}.Release|x64.ActiveCfg = Release|Any CPU
		{1C925143-260C-4E13-8D02-41E823099932}.Release|x64.Build.0 = Release|Any CPU
		{1C925143-260C-4E13-8D02-41E823099932}.Release|x86.ActiveCfg = Release|Any CPU
		{1C925143-260C-4E13-8D02-41E823099932}.Release|x86.Build.0 = Release|Any CPU
		{59A250DD-1999-4110-B161-9B6D01A07883}.Debug|Any CPU.ActiveCfg = Debug|Any CPU
		{59A250DD-1999-4110-B161-9B6D01A07883}.Debug|Any CPU.Build.0 = Debug|Any CPU
		{59A250DD-1999-4110-B161-9B6D01A07883}.Debug|ARM.ActiveCfg = Debug|Any CPU
		{59A250DD-1999-4110-B161-9B6D01A07883}.Debug|ARM.Build.0 = Debug|Any CPU
		{59A250DD-1999-4110-B161-9B6D01A07883}.Debug|iPhone.ActiveCfg = Debug|Any CPU
		{59A250DD-1999-4110-B161-9B6D01A07883}.Debug|iPhone.Build.0 = Debug|Any CPU
		{59A250DD-1999-4110-B161-9B6D01A07883}.Debug|iPhoneSimulator.ActiveCfg = Debug|Any CPU
		{59A250DD-1999-4110-B161-9B6D01A07883}.Debug|iPhoneSimulator.Build.0 = Debug|Any CPU
		{59A250DD-1999-4110-B161-9B6D01A07883}.Debug|x64.ActiveCfg = Debug|Any CPU
		{59A250DD-1999-4110-B161-9B6D01A07883}.Debug|x64.Build.0 = Debug|Any CPU
		{59A250DD-1999-4110-B161-9B6D01A07883}.Debug|x86.ActiveCfg = Debug|Any CPU
		{59A250DD-1999-4110-B161-9B6D01A07883}.Debug|x86.Build.0 = Debug|Any CPU
		{59A250DD-1999-4110-B161-9B6D01A07883}.Release|Any CPU.ActiveCfg = Release|Any CPU
		{59A250DD-1999-4110-B161-9B6D01A07883}.Release|Any CPU.Build.0 = Release|Any CPU
		{59A250DD-1999-4110-B161-9B6D01A07883}.Release|ARM.ActiveCfg = Release|Any CPU
		{59A250DD-1999-4110-B161-9B6D01A07883}.Release|ARM.Build.0 = Release|Any CPU
		{59A250DD-1999-4110-B161-9B6D01A07883}.Release|iPhone.ActiveCfg = Release|Any CPU
		{59A250DD-1999-4110-B161-9B6D01A07883}.Release|iPhone.Build.0 = Release|Any CPU
		{59A250DD-1999-4110-B161-9B6D01A07883}.Release|iPhoneSimulator.ActiveCfg = Release|Any CPU
		{59A250DD-1999-4110-B161-9B6D01A07883}.Release|iPhoneSimulator.Build.0 = Release|Any CPU
		{59A250DD-1999-4110-B161-9B6D01A07883}.Release|x64.ActiveCfg = Release|Any CPU
		{59A250DD-1999-4110-B161-9B6D01A07883}.Release|x64.Build.0 = Release|Any CPU
		{59A250DD-1999-4110-B161-9B6D01A07883}.Release|x86.ActiveCfg = Release|Any CPU
		{59A250DD-1999-4110-B161-9B6D01A07883}.Release|x86.Build.0 = Release|Any CPU
		{B5CD9D04-D9E6-433D-AB8E-B37653F1CBE0}.Debug|Any CPU.ActiveCfg = Debug|Any CPU
		{B5CD9D04-D9E6-433D-AB8E-B37653F1CBE0}.Debug|Any CPU.Build.0 = Debug|Any CPU
		{B5CD9D04-D9E6-433D-AB8E-B37653F1CBE0}.Debug|ARM.ActiveCfg = Debug|Any CPU
		{B5CD9D04-D9E6-433D-AB8E-B37653F1CBE0}.Debug|ARM.Build.0 = Debug|Any CPU
		{B5CD9D04-D9E6-433D-AB8E-B37653F1CBE0}.Debug|iPhone.ActiveCfg = Debug|Any CPU
		{B5CD9D04-D9E6-433D-AB8E-B37653F1CBE0}.Debug|iPhone.Build.0 = Debug|Any CPU
		{B5CD9D04-D9E6-433D-AB8E-B37653F1CBE0}.Debug|iPhoneSimulator.ActiveCfg = Debug|Any CPU
		{B5CD9D04-D9E6-433D-AB8E-B37653F1CBE0}.Debug|iPhoneSimulator.Build.0 = Debug|Any CPU
		{B5CD9D04-D9E6-433D-AB8E-B37653F1CBE0}.Debug|x64.ActiveCfg = Debug|Any CPU
		{B5CD9D04-D9E6-433D-AB8E-B37653F1CBE0}.Debug|x64.Build.0 = Debug|Any CPU
		{B5CD9D04-D9E6-433D-AB8E-B37653F1CBE0}.Debug|x86.ActiveCfg = Debug|Any CPU
		{B5CD9D04-D9E6-433D-AB8E-B37653F1CBE0}.Debug|x86.Build.0 = Debug|Any CPU
		{B5CD9D04-D9E6-433D-AB8E-B37653F1CBE0}.Release|Any CPU.ActiveCfg = Release|Any CPU
		{B5CD9D04-D9E6-433D-AB8E-B37653F1CBE0}.Release|Any CPU.Build.0 = Release|Any CPU
		{B5CD9D04-D9E6-433D-AB8E-B37653F1CBE0}.Release|ARM.ActiveCfg = Release|Any CPU
		{B5CD9D04-D9E6-433D-AB8E-B37653F1CBE0}.Release|ARM.Build.0 = Release|Any CPU
		{B5CD9D04-D9E6-433D-AB8E-B37653F1CBE0}.Release|iPhone.ActiveCfg = Release|Any CPU
		{B5CD9D04-D9E6-433D-AB8E-B37653F1CBE0}.Release|iPhone.Build.0 = Release|Any CPU
		{B5CD9D04-D9E6-433D-AB8E-B37653F1CBE0}.Release|iPhoneSimulator.ActiveCfg = Release|Any CPU
		{B5CD9D04-D9E6-433D-AB8E-B37653F1CBE0}.Release|iPhoneSimulator.Build.0 = Release|Any CPU
		{B5CD9D04-D9E6-433D-AB8E-B37653F1CBE0}.Release|x64.ActiveCfg = Release|Any CPU
		{B5CD9D04-D9E6-433D-AB8E-B37653F1CBE0}.Release|x64.Build.0 = Release|Any CPU
		{B5CD9D04-D9E6-433D-AB8E-B37653F1CBE0}.Release|x86.ActiveCfg = Release|Any CPU
		{B5CD9D04-D9E6-433D-AB8E-B37653F1CBE0}.Release|x86.Build.0 = Release|Any CPU
		{495DD9EB-D409-4945-AD69-84B5298B6FFA}.Debug|Any CPU.ActiveCfg = Debug|x86
		{495DD9EB-D409-4945-AD69-84B5298B6FFA}.Debug|ARM.ActiveCfg = Debug|ARM
		{495DD9EB-D409-4945-AD69-84B5298B6FFA}.Debug|ARM.Build.0 = Debug|ARM
		{495DD9EB-D409-4945-AD69-84B5298B6FFA}.Debug|ARM.Deploy.0 = Debug|ARM
		{495DD9EB-D409-4945-AD69-84B5298B6FFA}.Debug|iPhone.ActiveCfg = Debug|x86
		{495DD9EB-D409-4945-AD69-84B5298B6FFA}.Debug|iPhoneSimulator.ActiveCfg = Debug|x86
		{495DD9EB-D409-4945-AD69-84B5298B6FFA}.Debug|x64.ActiveCfg = Debug|x64
		{495DD9EB-D409-4945-AD69-84B5298B6FFA}.Debug|x64.Build.0 = Debug|x64
		{495DD9EB-D409-4945-AD69-84B5298B6FFA}.Debug|x64.Deploy.0 = Debug|x64
		{495DD9EB-D409-4945-AD69-84B5298B6FFA}.Debug|x86.ActiveCfg = Debug|x86
		{495DD9EB-D409-4945-AD69-84B5298B6FFA}.Debug|x86.Build.0 = Debug|x86
		{495DD9EB-D409-4945-AD69-84B5298B6FFA}.Debug|x86.Deploy.0 = Debug|x86
		{495DD9EB-D409-4945-AD69-84B5298B6FFA}.Release|Any CPU.ActiveCfg = Release|x86
		{495DD9EB-D409-4945-AD69-84B5298B6FFA}.Release|ARM.ActiveCfg = Release|ARM
		{495DD9EB-D409-4945-AD69-84B5298B6FFA}.Release|ARM.Build.0 = Release|ARM
		{495DD9EB-D409-4945-AD69-84B5298B6FFA}.Release|ARM.Deploy.0 = Release|ARM
		{495DD9EB-D409-4945-AD69-84B5298B6FFA}.Release|iPhone.ActiveCfg = Release|x86
		{495DD9EB-D409-4945-AD69-84B5298B6FFA}.Release|iPhoneSimulator.ActiveCfg = Release|x86
		{495DD9EB-D409-4945-AD69-84B5298B6FFA}.Release|x64.ActiveCfg = Release|x64
		{495DD9EB-D409-4945-AD69-84B5298B6FFA}.Release|x64.Build.0 = Release|x64
		{495DD9EB-D409-4945-AD69-84B5298B6FFA}.Release|x64.Deploy.0 = Release|x64
		{495DD9EB-D409-4945-AD69-84B5298B6FFA}.Release|x86.ActiveCfg = Release|x86
		{495DD9EB-D409-4945-AD69-84B5298B6FFA}.Release|x86.Build.0 = Release|x86
		{495DD9EB-D409-4945-AD69-84B5298B6FFA}.Release|x86.Deploy.0 = Release|x86
		{05053F3A-1CC5-442C-BE8D-E8D13B6D3B8A}.Debug|Any CPU.ActiveCfg = Debug|Any CPU
		{05053F3A-1CC5-442C-BE8D-E8D13B6D3B8A}.Debug|Any CPU.Build.0 = Debug|Any CPU
		{05053F3A-1CC5-442C-BE8D-E8D13B6D3B8A}.Debug|Any CPU.Deploy.0 = Debug|Any CPU
		{05053F3A-1CC5-442C-BE8D-E8D13B6D3B8A}.Debug|ARM.ActiveCfg = Debug|Any CPU
		{05053F3A-1CC5-442C-BE8D-E8D13B6D3B8A}.Debug|ARM.Build.0 = Debug|Any CPU
		{05053F3A-1CC5-442C-BE8D-E8D13B6D3B8A}.Debug|ARM.Deploy.0 = Debug|Any CPU
		{05053F3A-1CC5-442C-BE8D-E8D13B6D3B8A}.Debug|iPhone.ActiveCfg = Debug|Any CPU
		{05053F3A-1CC5-442C-BE8D-E8D13B6D3B8A}.Debug|iPhone.Build.0 = Debug|Any CPU
		{05053F3A-1CC5-442C-BE8D-E8D13B6D3B8A}.Debug|iPhone.Deploy.0 = Debug|Any CPU
		{05053F3A-1CC5-442C-BE8D-E8D13B6D3B8A}.Debug|iPhoneSimulator.ActiveCfg = Debug|Any CPU
		{05053F3A-1CC5-442C-BE8D-E8D13B6D3B8A}.Debug|iPhoneSimulator.Build.0 = Debug|Any CPU
		{05053F3A-1CC5-442C-BE8D-E8D13B6D3B8A}.Debug|iPhoneSimulator.Deploy.0 = Debug|Any CPU
		{05053F3A-1CC5-442C-BE8D-E8D13B6D3B8A}.Debug|x64.ActiveCfg = Debug|Any CPU
		{05053F3A-1CC5-442C-BE8D-E8D13B6D3B8A}.Debug|x64.Build.0 = Debug|Any CPU
		{05053F3A-1CC5-442C-BE8D-E8D13B6D3B8A}.Debug|x64.Deploy.0 = Debug|Any CPU
		{05053F3A-1CC5-442C-BE8D-E8D13B6D3B8A}.Debug|x86.ActiveCfg = Debug|Any CPU
		{05053F3A-1CC5-442C-BE8D-E8D13B6D3B8A}.Debug|x86.Build.0 = Debug|Any CPU
		{05053F3A-1CC5-442C-BE8D-E8D13B6D3B8A}.Debug|x86.Deploy.0 = Debug|Any CPU
		{05053F3A-1CC5-442C-BE8D-E8D13B6D3B8A}.Release|Any CPU.ActiveCfg = Release|Any CPU
		{05053F3A-1CC5-442C-BE8D-E8D13B6D3B8A}.Release|Any CPU.Build.0 = Release|Any CPU
		{05053F3A-1CC5-442C-BE8D-E8D13B6D3B8A}.Release|Any CPU.Deploy.0 = Release|Any CPU
		{05053F3A-1CC5-442C-BE8D-E8D13B6D3B8A}.Release|ARM.ActiveCfg = Release|Any CPU
		{05053F3A-1CC5-442C-BE8D-E8D13B6D3B8A}.Release|ARM.Build.0 = Release|Any CPU
		{05053F3A-1CC5-442C-BE8D-E8D13B6D3B8A}.Release|ARM.Deploy.0 = Release|Any CPU
		{05053F3A-1CC5-442C-BE8D-E8D13B6D3B8A}.Release|iPhone.ActiveCfg = Release|Any CPU
		{05053F3A-1CC5-442C-BE8D-E8D13B6D3B8A}.Release|iPhone.Build.0 = Release|Any CPU
		{05053F3A-1CC5-442C-BE8D-E8D13B6D3B8A}.Release|iPhone.Deploy.0 = Release|Any CPU
		{05053F3A-1CC5-442C-BE8D-E8D13B6D3B8A}.Release|iPhoneSimulator.ActiveCfg = Release|Any CPU
		{05053F3A-1CC5-442C-BE8D-E8D13B6D3B8A}.Release|iPhoneSimulator.Build.0 = Release|Any CPU
		{05053F3A-1CC5-442C-BE8D-E8D13B6D3B8A}.Release|iPhoneSimulator.Deploy.0 = Release|Any CPU
		{05053F3A-1CC5-442C-BE8D-E8D13B6D3B8A}.Release|x64.ActiveCfg = Release|Any CPU
		{05053F3A-1CC5-442C-BE8D-E8D13B6D3B8A}.Release|x64.Build.0 = Release|Any CPU
		{05053F3A-1CC5-442C-BE8D-E8D13B6D3B8A}.Release|x64.Deploy.0 = Release|Any CPU
		{05053F3A-1CC5-442C-BE8D-E8D13B6D3B8A}.Release|x86.ActiveCfg = Release|Any CPU
		{05053F3A-1CC5-442C-BE8D-E8D13B6D3B8A}.Release|x86.Build.0 = Release|Any CPU
		{05053F3A-1CC5-442C-BE8D-E8D13B6D3B8A}.Release|x86.Deploy.0 = Release|Any CPU
		{B1E43C3D-B677-4334-9B58-6A008EBED175}.Debug|Any CPU.ActiveCfg = Debug|iPhone
		{B1E43C3D-B677-4334-9B58-6A008EBED175}.Debug|ARM.ActiveCfg = Debug|iPhone
		{B1E43C3D-B677-4334-9B58-6A008EBED175}.Debug|iPhone.ActiveCfg = Debug|iPhone
		{B1E43C3D-B677-4334-9B58-6A008EBED175}.Debug|iPhone.Build.0 = Debug|iPhone
		{B1E43C3D-B677-4334-9B58-6A008EBED175}.Debug|iPhoneSimulator.ActiveCfg = Debug|iPhoneSimulator
		{B1E43C3D-B677-4334-9B58-6A008EBED175}.Debug|iPhoneSimulator.Build.0 = Debug|iPhoneSimulator
		{B1E43C3D-B677-4334-9B58-6A008EBED175}.Debug|x64.ActiveCfg = Debug|iPhone
		{B1E43C3D-B677-4334-9B58-6A008EBED175}.Debug|x86.ActiveCfg = Debug|iPhone
		{B1E43C3D-B677-4334-9B58-6A008EBED175}.Release|Any CPU.ActiveCfg = Release|iPhone
		{B1E43C3D-B677-4334-9B58-6A008EBED175}.Release|ARM.ActiveCfg = Release|iPhone
		{B1E43C3D-B677-4334-9B58-6A008EBED175}.Release|iPhone.ActiveCfg = Release|iPhone
		{B1E43C3D-B677-4334-9B58-6A008EBED175}.Release|iPhone.Build.0 = Release|iPhone
		{B1E43C3D-B677-4334-9B58-6A008EBED175}.Release|iPhoneSimulator.ActiveCfg = Release|iPhoneSimulator
		{B1E43C3D-B677-4334-9B58-6A008EBED175}.Release|iPhoneSimulator.Build.0 = Release|iPhoneSimulator
		{B1E43C3D-B677-4334-9B58-6A008EBED175}.Release|x64.ActiveCfg = Release|iPhone
		{B1E43C3D-B677-4334-9B58-6A008EBED175}.Release|x86.ActiveCfg = Release|iPhone
		{6DBD55AE-0F83-4B54-9F2E-E648C396F2E2}.Debug|Any CPU.ActiveCfg = Debug|Any CPU
		{6DBD55AE-0F83-4B54-9F2E-E648C396F2E2}.Debug|Any CPU.Build.0 = Debug|Any CPU
		{6DBD55AE-0F83-4B54-9F2E-E648C396F2E2}.Debug|ARM.ActiveCfg = Debug|Any CPU
		{6DBD55AE-0F83-4B54-9F2E-E648C396F2E2}.Debug|ARM.Build.0 = Debug|Any CPU
		{6DBD55AE-0F83-4B54-9F2E-E648C396F2E2}.Debug|iPhone.ActiveCfg = Debug|Any CPU
		{6DBD55AE-0F83-4B54-9F2E-E648C396F2E2}.Debug|iPhone.Build.0 = Debug|Any CPU
		{6DBD55AE-0F83-4B54-9F2E-E648C396F2E2}.Debug|iPhoneSimulator.ActiveCfg = Debug|Any CPU
		{6DBD55AE-0F83-4B54-9F2E-E648C396F2E2}.Debug|iPhoneSimulator.Build.0 = Debug|Any CPU
		{6DBD55AE-0F83-4B54-9F2E-E648C396F2E2}.Debug|x64.ActiveCfg = Debug|Any CPU
		{6DBD55AE-0F83-4B54-9F2E-E648C396F2E2}.Debug|x64.Build.0 = Debug|Any CPU
		{6DBD55AE-0F83-4B54-9F2E-E648C396F2E2}.Debug|x86.ActiveCfg = Debug|Any CPU
		{6DBD55AE-0F83-4B54-9F2E-E648C396F2E2}.Debug|x86.Build.0 = Debug|Any CPU
		{6DBD55AE-0F83-4B54-9F2E-E648C396F2E2}.Release|Any CPU.ActiveCfg = Release|Any CPU
		{6DBD55AE-0F83-4B54-9F2E-E648C396F2E2}.Release|Any CPU.Build.0 = Release|Any CPU
		{6DBD55AE-0F83-4B54-9F2E-E648C396F2E2}.Release|ARM.ActiveCfg = Release|Any CPU
		{6DBD55AE-0F83-4B54-9F2E-E648C396F2E2}.Release|ARM.Build.0 = Release|Any CPU
		{6DBD55AE-0F83-4B54-9F2E-E648C396F2E2}.Release|iPhone.ActiveCfg = Release|Any CPU
		{6DBD55AE-0F83-4B54-9F2E-E648C396F2E2}.Release|iPhone.Build.0 = Release|Any CPU
		{6DBD55AE-0F83-4B54-9F2E-E648C396F2E2}.Release|iPhoneSimulator.ActiveCfg = Release|Any CPU
		{6DBD55AE-0F83-4B54-9F2E-E648C396F2E2}.Release|iPhoneSimulator.Build.0 = Release|Any CPU
		{6DBD55AE-0F83-4B54-9F2E-E648C396F2E2}.Release|x64.ActiveCfg = Release|Any CPU
		{6DBD55AE-0F83-4B54-9F2E-E648C396F2E2}.Release|x64.Build.0 = Release|Any CPU
		{6DBD55AE-0F83-4B54-9F2E-E648C396F2E2}.Release|x86.ActiveCfg = Release|Any CPU
		{6DBD55AE-0F83-4B54-9F2E-E648C396F2E2}.Release|x86.Build.0 = Release|Any CPU
	EndGlobalSection
	GlobalSection(SolutionProperties) = preSolution
		HideSolutionNode = FALSE
	EndGlobalSection
	GlobalSection(NestedProjects) = preSolution
		{B5CD9D04-D9E6-433D-AB8E-B37653F1CBE0} = {3AEF0E93-47C2-46DE-9DD1-932394E941EF}
		{495DD9EB-D409-4945-AD69-84B5298B6FFA} = {0473D384-5777-42C3-ADA9-03930CC1F366}
		{05053F3A-1CC5-442C-BE8D-E8D13B6D3B8A} = {0473D384-5777-42C3-ADA9-03930CC1F366}
		{B1E43C3D-B677-4334-9B58-6A008EBED175} = {0473D384-5777-42C3-ADA9-03930CC1F366}
		{6DBD55AE-0F83-4B54-9F2E-E648C396F2E2} = {0473D384-5777-42C3-ADA9-03930CC1F366}
	EndGlobalSection
	GlobalSection(ExtensibilityGlobals) = postSolution
		SolutionGuid = {D4EE224B-BF31-4AE9-B00E-F81E02A4BD03}
	EndGlobalSection
EndGlobal
